
Microsoft Visual Studio Solution File, Format Version 12.00
# Visual Studio Version 17
VisualStudioVersion = 17.8.34309.116
MinimumVisualStudioVersion = 10.0.40219.1
Project("{FAE04EC0-301F-11D3-BF4B-00C04F79EFBC}") = "Examen3_Lilliam", "Examen3_Lilliam\Examen3_Lilliam.csproj", "{1515B1F5-CA77-4E8E-ADAB-E2BB9B803465}"
EndProject
Global
	GlobalSection(SolutionConfigurationPlatforms) = preSolution
		Debug|Any CPU = Debug|Any CPU
		Release|Any CPU = Release|Any CPU
	EndGlobalSection
	GlobalSection(ProjectConfigurationPlatforms) = postSolution
		{1515B1F5-CA77-4E8E-ADAB-E2BB9B803465}.Debug|Any CPU.ActiveCfg = Debug|Any CPU
		{1515B1F5-CA77-4E8E-ADAB-E2BB9B803465}.Debug|Any CPU.Build.0 = Debug|Any CPU
		{1515B1F5-CA77-4E8E-ADAB-E2BB9B803465}.Release|Any CPU.ActiveCfg = Release|Any CPU
		{1515B1F5-CA77-4E8E-ADAB-E2BB9B803465}.Release|Any CPU.Build.0 = Release|Any CPU
	EndGlobalSection
	GlobalSection(SolutionProperties) = preSolution
		HideSolutionNode = FALSE
	EndGlobalSection
	GlobalSection(ExtensibilityGlobals) = postSolution
		SolutionGuid = {5FE1FC49-F58F-4683-9275-3C7003EA957C}
	EndGlobalSection
EndGlobal
